
Microsoft Visual Studio Solution File, Format Version 11.00
# Visual Studio 2010
Project("{FAE04EC0-301F-11D3-BF4B-00C04F79EFBC}") = "Layout", "Layout.csproj", "{DC0B2F25-813D-492D-B1D3-A3044E0BCEFE}"
EndProject
Global
	GlobalSection(SolutionConfigurationPlatforms) = preSolution
		Debug|Any CPU = Debug|Any CPU
		Release|Any CPU = Release|Any CPU
		Debug|x86 = Debug|x86
		Release|x86 = Release|x86
	EndGlobalSection
	GlobalSection(ProjectConfigurationPlatforms) = postSolution
		{DC0B2F25-813D-492D-B1D3-A3044E0BCEFE}.Debug|Any CPU.ActiveCfg = Debug|Any CPU
		{DC0B2F25-813D-492D-B1D3-A3044E0BCEFE}.Debug|Any CPU.Build.0 = Debug|Any CPU
		{DC0B2F25-813D-492D-B1D3-A3044E0BCEFE}.Debug|x86.ActiveCfg = Debug|x86
		{DC0B2F25-813D-492D-B1D3-A3044E0BCEFE}.Debug|x86.Build.0 = Debug|x86
		{DC0B2F25-813D-492D-B1D3-A3044E0BCEFE}.Release|Any CPU.ActiveCfg = Release|Any CPU
		{DC0B2F25-813D-492D-B1D3-A3044E0BCEFE}.Release|Any CPU.Build.0 = Release|Any CPU
		{DC0B2F25-813D-492D-B1D3-A3044E0BCEFE}.Release|x86.ActiveCfg = Release|x86
		{DC0B2F25-813D-492D-B1D3-A3044E0BCEFE}.Release|x86.Build.0 = Release|x86
	EndGlobalSection
	GlobalSection(MonoDevelopProperties) = preSolution
		StartupItem = Layout.csproj
	EndGlobalSection
EndGlobal
